
Microsoft Visual Studio Solution File, Format Version 12.00
# Visual Studio Version 16
VisualStudioVersion = 16.0.30517.126
MinimumVisualStudioVersion = 10.0.40219.1
Project("{9A19103F-16F7-4668-BE54-9A1E7A4F7556}") = "FilesAndObjects", "FilesAndObjects\FilesAndObjects.csproj", "{D30BF397-C301-4B23-BDD7-AA917C02AE3C}"
EndProject
Project("{FAE04EC0-301F-11D3-BF4B-00C04F79EFBC}") = "Shopping list", "Shopping list\Shopping list.csproj", "{2490AC53-4C8D-4479-B310-07F138F79D2F}"
EndProject
Project("{FAE04EC0-301F-11D3-BF4B-00C04F79EFBC}") = "ReadTotalFromShoppingList", "ReadTotalFromShoppingList\ReadTotalFromShoppingList.csproj", "{C3184217-BB32-4E01-B754-97823870889A}"
EndProject
Global
	GlobalSection(SolutionConfigurationPlatforms) = preSolution
		Debug|Any CPU = Debug|Any CPU
		Release|Any CPU = Release|Any CPU
	EndGlobalSection
	GlobalSection(ProjectConfigurationPlatforms) = postSolution
		{D30BF397-C301-4B23-BDD7-AA917C02AE3C}.Debug|Any CPU.ActiveCfg = Debug|Any CPU
		{D30BF397-C301-4B23-BDD7-AA917C02AE3C}.Debug|Any CPU.Build.0 = Debug|Any CPU
		{D30BF397-C301-4B23-BDD7-AA917C02AE3C}.Release|Any CPU.ActiveCfg = Release|Any CPU
		{D30BF397-C301-4B23-BDD7-AA917C02AE3C}.Release|Any CPU.Build.0 = Release|Any CPU
		{2490AC53-4C8D-4479-B310-07F138F79D2F}.Debug|Any CPU.ActiveCfg = Debug|Any CPU
		{2490AC53-4C8D-4479-B310-07F138F79D2F}.Debug|Any CPU.Build.0 = Debug|Any CPU
		{2490AC53-4C8D-4479-B310-07F138F79D2F}.Release|Any CPU.ActiveCfg = Release|Any CPU
		{2490AC53-4C8D-4479-B310-07F138F79D2F}.Release|Any CPU.Build.0 = Release|Any CPU
		{C3184217-BB32-4E01-B754-97823870889A}.Debug|Any CPU.ActiveCfg = Debug|Any CPU
		{C3184217-BB32-4E01-B754-97823870889A}.Debug|Any CPU.Build.0 = Debug|Any CPU
		{C3184217-BB32-4E01-B754-97823870889A}.Release|Any CPU.ActiveCfg = Release|Any CPU
		{C3184217-BB32-4E01-B754-97823870889A}.Release|Any CPU.Build.0 = Release|Any CPU
	EndGlobalSection
	GlobalSection(SolutionProperties) = preSolution
		HideSolutionNode = FALSE
	EndGlobalSection
	GlobalSection(ExtensibilityGlobals) = postSolution
		SolutionGuid = {65AFA0C8-07BF-44DF-9179-A1D050829EDD}
	EndGlobalSection
EndGlobal
